// !$*UTF8*$!
{
	archiveVersion = 1;
	classes = {
	};
	objectVersion = 46;
	objects = {

/* Begin PBXBuildFile section */
		6A386E971C83910F0055CFA3 /* AppDelegate.swift in Sources */ = {isa = PBXBuildFile; fileRef = 6A386E961C83910F0055CFA3 /* AppDelegate.swift */; };
		6A386E991C83910F0055CFA3 /* ViewController.swift in Sources */ = {isa = PBXBuildFile; fileRef = 6A386E981C83910F0055CFA3 /* ViewController.swift */; };
		6A386E9C1C83910F0055CFA3 /* Main.storyboard in Resources */ = {isa = PBXBuildFile; fileRef = 6A386E9A1C83910F0055CFA3 /* Main.storyboard */; };
		6A386E9E1C83910F0055CFA3 /* Assets.xcassets in Resources */ = {isa = PBXBuildFile; fileRef = 6A386E9D1C83910F0055CFA3 /* Assets.xcassets */; };
		6A386EA11C83910F0055CFA3 /* LaunchScreen.storyboard in Resources */ = {isa = PBXBuildFile; fileRef = 6A386E9F1C83910F0055CFA3 /* LaunchScreen.storyboard */; };
/* End PBXBuildFile section */

/* Begin PBXFileReference section */
		6A386E931C83910F0055CFA3 /* cool.app */ = {isa = PBXFileReference; explicitFileType = wrapper.application; includeInIndex = 0; path = cool.app; sourceTree = BUILT_PRODUCTS_DIR; };
		6A386E961C83910F0055CFA3 /* AppDelegate.swift */ = {isa = PBXFileReference; lastKnownFileType = sourcecode.swift; path = AppDelegate.swift; sourceTree = "<group>"; };
		6A386E981C83910F0055CFA3 /* ViewController.swift */ = {isa = PBXFileReference; lastKnownFileType = sourcecode.swift; path = ViewController.swift; sourceTree = "<group>"; };
		6A386E9B1C83910F0055CFA3 /* Base */ = {isa = PBXFileReference; lastKnownFileType = file.storyboard; name = Base; path = Base.lproj/Main.storyboard; sourceTree = "<group>"; };
		6A386E9D1C83910F0055CFA3 /* Assets.xcassets */ = {isa = PBXFileReference; lastKnownFileType = folder.assetcatalog; path = Assets.xcassets; sourceTree = "<group>"; };
		6A386EA01C83910F0055CFA3 /* Base */ = {isa = PBXFileReference; lastKnownFileType = file.storyboard; name = Base; path = Base.lproj/LaunchScreen.storyboard; sourceTree = "<group>"; };
		6A386EA21C83910F0055CFA3 /* Info.plist */ = {isa = PBXFileReference; lastKnownFileType = text.plist.xml; path = Info.plist; sourceTree = "<group>"; };
/* End PBXFileReference section */

/* Begin PBXFrameworksBuildPhase section */
		6A386E901C83910F0055CFA3 /* Frameworks */ = {
			isa = PBXFrameworksBuildPhase;
			buildActionMask = 2147483647;
			files = (
			);
			runOnlyForDeploymentPostprocessing = 0;
		};
/* End PBXFrameworksBuildPhase section */

/* Begin PBXGroup section */
		6A386E8A1C83910F0055CFA3 = {
			isa = PBXGroup;
			children = (
				6A386E951C83910F0055CFA3 /* cool */,
				6A386E941C83910F0055CFA3 /* Products */,
			);
			sourceTree = "<group>";
		};
		6A386E941C83910F0055CFA3 /* Products */ = {
			isa = PBXGroup;
			children = (
				6A386E931C83910F0055CFA3 /* cool.app */,
			);
			name = Products;
			sourceTree = "<group>";
		};
		6A386E951C83910F0055CFA3 /* cool */ = {
			isa = PBXGroup;
			children = (
				6A386E961C83910F0055CFA3 /* AppDelegate.swift */,
				6A386E981C83910F0055CFA3 /* ViewController.swift */,
				6A386E9A1C83910F0055CFA3 /* Main.storyboard */,
				6A386E9D1C83910F0055CFA3 /* Assets.xcassets */,
				6A386E9F1C83910F0055CFA3 /* LaunchScreen.storyboard */,
				6A386EA21C83910F0055CFA3 /* Info.plist */,
			);
			path = cool;
			sourceTree = "<group>";
		};
/* End PBXGroup section */

/* Begin PBXNativeTarget section */
		6A386E921C83910F0055CFA3 /* cool */ = {
			isa = PBXNativeTarget;
			buildConfigurationList = 6A386EA51C83910F0055CFA3 /* Build configuration list for PBXNativeTarget "cool" */;
			buildPhases = (
				6A386E8F1C83910F0055CFA3 /* Sources */,
				6A386E901C83910F0055CFA3 /* Frameworks */,
				6A386E911C83910F0055CFA3 /* Resources */,
			);
			buildRules = (
			);
			dependencies = (
			);
			name = cool;
			productName = cool;
			productReference = 6A386E931C83910F0055CFA3 /* cool.app */;
			productType = "com.apple.product-type.application";
		};
/* End PBXNativeTarget section */

/* Begin PBXProject section */
		6A386E8B1C83910F0055CFA3 /* Project object */ = {
			isa = PBXProject;
			attributes = {
				LastSwiftUpdateCheck = 0720;
				LastUpgradeCheck = 0720;
				ORGANIZATIONNAME = "Vinod Ralh";
				TargetAttributes = {
					6A386E921C83910F0055CFA3 = {
						CreatedOnToolsVersion = 7.2.1;
					};
				};
			};
			buildConfigurationList = 6A386E8E1C83910F0055CFA3 /* Build configuration list for PBXProject "cool" */;
			compatibilityVersion = "Xcode 3.2";
			developmentRegion = English;
			hasScannedForEncodings = 0;
			knownRegions = (
				en,
				Base,
			);
			mainGroup = 6A386E8A1C83910F0055CFA3;
			productRefGroup = 6A386E941C83910F0055CFA3 /* Products */;
			projectDirPath = "";
			projectRoot = "";
			targets = (
				6A386E921C83910F0055CFA3 /* cool */,
			);
		};
/* End PBXProject section */

/* Begin PBXResourcesBuildPhase section */
		6A386E911C83910F0055CFA3 /* Resources */ = {
			isa = PBXResourcesBuildPhase;
			buildActionMask = 2147483647;
			files = (
				6A386EA11C83910F0055CFA3 /* LaunchScreen.storyboard in Resources */,
				6A386E9E1C83910F0055CFA3 /* Assets.xcassets in Resources */,
				6A386E9C1C83910F0055CFA3 /* Main.storyboard in Resources */,
			);
			runOnlyForDeploymentPostprocessing = 0;
		};
/* End PBXResourcesBuildPhase section */

/* Begin PBXSourcesBuildPhase section */
		6A386E8F1C83910F0055CFA3 /* Sources */ = {
			isa = PBXSourcesBuildPhase;
			buildActionMask = 2147483647;
			files = (
				6A386E991C83910F0055CFA3 /* ViewController.swift in Sources */,
				6A386E971C83910F0055CFA3 /* AppDelegate.swift in Sources */,
			);
			runOnlyForDeploymentPostprocessing = 0;
		};
/* End PBXSourcesBuildPhase section */

/* Begin PBXVariantGroup section */
		6A386E9A1C83910F0055CFA3 /* Main.storyboard */ = {
			isa = PBXVariantGroup;
			children = (
				6A386E9B1C83910F0055CFA3 /* Base */,
			);
			name = Main.storyboard;
			sourceTree = "<group>";
		};
		6A386E9F1C83910F0055CFA3 /* LaunchScreen.storyboard */ = {
			isa = PBXVariantGroup;
			children = (
				6A386EA01C83910F0055CFA3 /* Base */,
			);
			name = LaunchScreen.storyboard;
			sourceTree = "<group>";
		};
/* End PBXVariantGroup section */

/* Begin XCBuildConfiguration section */
		6A386EA31C83910F0055CFA3 /* Debug */ = {
			isa = XCBuildConfiguration;
			buildSettings = {
				ALWAYS_SEARCH_USER_PATHS = NO;
				CLANG_CXX_LANGUAGE_STANDARD = "gnu++0x";
				CLANG_CXX_LIBRARY = "libc++";
				CLANG_ENABLE_MODULES = YES;
				CLANG_ENABLE_OBJC_ARC = YES;
				CLANG_WARN_BOOL_CONVERSION = YES;
				CLANG_WARN_CONSTANT_CONVERSION = YES;
				CLANG_WARN_DIRECT_OBJC_ISA_USAGE = YES_ERROR;
				CLANG_WARN_EMPTY_BODY = YES;
				CLANG_WARN_ENUM_CONVERSION = YES;
				CLANG_WARN_INT_CONVERSION = YES;
				CLANG_WARN_OBJC_ROOT_CLASS = YES_ERROR;
				CLANG_WARN_UNREACHABLE_CODE = YES;
				CLANG_WARN__DUPLICATE_METHOD_MATCH = YES;
				"CODE_SIGN_IDENTITY[sdk=iphoneos*]" = "iPhone Developer";
				COPY_PHASE_STRIP = NO;
				DEBUG_INFORMATION_FORMAT = dwarf;
				ENABLE_STRICT_OBJC_MSGSEND = YES;
				ENABLE_TESTABILITY = YES;
				GCC_C_LANGUAGE_STANDARD = gnu99;
				GCC_DYNAMIC_NO_PIC = NO;
				GCC_NO_COMMON_BLOCKS = YES;
				GCC_OPTIMIZATION_LEVEL = 0;
				GCC_PREPROCESSOR_DEFINITIONS = (
					"DEBUG=1",
					"$(inherited)",
				);
				GCC_WARN_64_TO_32_BIT_CONVERSION = YES;
				GCC_WARN_ABOUT_RETURN_TYPE = YES_ERROR;
				GCC_WARN_UNDECLARED_SELECTOR = YES;
				GCC_WARN_UNINITIALIZED_AUTOS = YES_AGGRESSIVE;
				GCC_WARN_UNUSED_FUNCTION = YES;
				GCC_WARN_UNUSED_VARIABLE = YES;
				IPHONEOS_DEPLOYMENT_TARGET = 9.2;
				MTL_ENABLE_DEBUG_INFO = YES;
				ONLY_ACTIVE_ARCH = YES;
				SDKROOT = iphoneos;
				SWIFT_OPTIMIZATION_LEVEL = "-Onone";
			};
			name = Debug;
		};
		6A386EA41C83910F0055CFA3 /* Release */ = {
			isa = XCBuildConfiguration;
			buildSettings = {
				ALWAYS_SEARCH_USER_PATHS = NO;
				CLANG_CXX_LANGUAGE_STANDARD = "gnu++0x";
				CLANG_CXX_LIBRARY = "libc++";
				CLANG_ENABLE_MODULES = YES;
				CLANG_ENABLE_OBJC_ARC = YES;
				CLANG_WARN_BOOL_CONVERSION = YES;
				CLANG_WARN_CONSTANT_CONVERSION = YES;
				CLANG_WARN_DIRECT_OBJC_ISA_USAGE = YES_ERROR;
				CLANG_WARN_EMPTY_BODY = YES;
				CLANG_WARN_ENUM_CONVERSION = YES;
				CLANG_WARN_INT_CONVERSION = YES;
				CLANG_WARN_OBJC_ROOT_CLASS = YES_ERROR;
				CLANG_WARN_UNREACHABLE_CODE = YES;
				CLANG_WARN__DUPLICATE_METHOD_MATCH = YES;
				"CODE_SIGN_IDENTITY[sdk=iphoneos*]" = "iPhone Developer";
				COPY_PHASE_STRIP = NO;
				DEBUG_INFORMATION_FORMAT = "dwarf-with-dsym";
				ENABLE_NS_ASSERTIONS = NO;
				ENABLE_STRICT_OBJC_MSGSEND = YES;
				GCC_C_LANGUAGE_STANDARD = gnu99;
				GCC_NO_COMMON_BLOCKS = YES;
				GCC_WARN_64_TO_32_BIT_CONVERSION = YES;
				GCC_WARN_ABOUT_RETURN_TYPE = YES_ERROR;
				GCC_WARN_UNDECLARED_SELECTOR = YES;
				GCC_WARN_UNINITIALIZED_AUTOS = YES_AGGRESSIVE;
				GCC_WARN_UNUSED_FUNCTION = YES;
				GCC_WARN_UNUSED_VARIABLE = YES;
				IPHONEOS_DEPLOYMENT_TARGET = 9.2;
				MTL_ENABLE_DEBUG_INFO = NO;
				SDKROOT = iphoneos;
				VALIDATE_PRODUCT = YES;
			};
			name = Release;
		};
		6A386EA61C83910F0055CFA3 /* Debug */ = {
			isa = XCBuildConfiguration;
			buildSettings = {
				ASSETCATALOG_COMPILER_APPICON_NAME = AppIcon;
				INFOPLIST_FILE = cool/Info.plist;
				LD_RUNPATH_SEARCH_PATHS = "$(inherited) @executable_path/Frameworks";
				PRODUCT_BUNDLE_IDENTIFIER = com.ralh.cool;
				PRODUCT_NAME = "$(TARGET_NAME)";
			};
			name = Debug;
		};
		6A386EA71C83910F0055CFA3 /* Release */ = {
			isa = XCBuildConfiguration;
			buildSettings = {
				ASSETCATALOG_COMPILER_APPICON_NAME = AppIcon;
				INFOPLIST_FILE = cool/Info.plist;
				LD_RUNPATH_SEARCH_PATHS = "$(inherited) @executable_path/Frameworks";
				PRODUCT_BUNDLE_IDENTIFIER = com.ralh.cool;
				PRODUCT_NAME = "$(TARGET_NAME)";
			};
			name = Release;
		};
/* End XCBuildConfiguration section */

/* Begin XCConfigurationList section */
		6A386E8E1C83910F0055CFA3 /* Build configuration list for PBXProject "cool" */ = {
			isa = XCConfigurationList;
			buildConfigurations = (
				6A386EA31C83910F0055CFA3 /* Debug */,
				6A386EA41C83910F0055CFA3 /* Release */,
			);
			defaultConfigurationIsVisible = 0;
			defaultConfigurationName = Release;
		};
		6A386EA51C83910F0055CFA3 /* Build configuration list for PBXNativeTarget "cool" */ = {
			isa = XCConfigurationList;
			buildConfigurations = (
				6A386EA61C83910F0055CFA3 /* Debug */,
				6A386EA71C83910F0055CFA3 /* Release */,
			);
			defaultConfigurationIsVisible = 0;
		};
/* End XCConfigurationList section */
	};
	rootObject = 6A386E8B1C83910F0055CFA3 /* Project object */;
}
